<?xml version="1.0" encoding="utf-8"?>
<Project ToolsVersion="4.0" xmlns="http://schemas.microsoft.com/developer/msbuild/2003">
  <ItemGroup>
    <Filter Include="Source Files">
      <UniqueIdentifier>{4FC737F1-C7A5-4376-A066-2A32D752A2FF}</UniqueIdentifier>
      <Extensions>cpp;c;cc;cxx;def;odl;idl;hpj;bat;asm;asmx</Extensions>
    </Filter>
    <Filter Include="Header Files">
      <UniqueIdentifier>{93995380-89BD-4b04-88EB-625FBE52EBFB}</UniqueIdentifier>
      <Extensions>h;hh;hpp;hxx;hm;inl;inc;ipp;xsd</Extensions>
    </Filter>
    <Filter Include="Resource Files">
      <UniqueIdentifier>{67DA6AB6-F800-4c08-8B7A-83BB121AAD01}</UniqueIdentifier>
      <Extensions>rc;ico;cur;bmp;dlg;rc2;rct;bin;rgs;gif;jpg;jpeg;jpe;resx;tiff;tif;png;wav;mfcribbon-ms</Extensions>
    </Filter>
    <Filter Include="Shader">
      <UniqueIdentifier>{843e96c3-7711-4976-a8b5-11350dad04e7}</UniqueIdentifier>
    </Filter>
    <Filter Include="Header Files\Scenes">
      <UniqueIdentifier>{cf656288-c58f-419d-b117-b6a74c869a01}</UniqueIdentifier>
    </Filter>
    <Filter Include="Source Files\Scenes">
      <UniqueIdentifier>{dd1c91eb-352f-4530-aee6-feab03865fe4}</UniqueIdentifier>
    </Filter>
    <Filter Include="Header Files\Gameobject">
      <UniqueIdentifier>{f2d506e6-ce86-4b61-967b-ba1a70165e1e}</UniqueIdentifier>
    </Filter>
    <Filter Include="Source Files\Gameobject">
      <UniqueIdentifier>{c4c2a4fe-da3f-4d2d-b938-c53654eb4fbe}</UniqueIdentifier>
    </Filter>
    <Filter Include="imgui">
      <UniqueIdentifier>{c21cd901-3ee7-4f55-b8ab-258433d258f8}</UniqueIdentifier>
    </Filter>
    <Filter Include="Header Files\Interfaces">
      <UniqueIdentifier>{97dbbdbd-35b9-447d-8355-4ace9ffbf740}</UniqueIdentifier>
    </Filter>
    <Filter Include="Header Files\Gameobject\Components">
      <UniqueIdentifier>{fe46538c-8f3b-461d-af7a-017efba6652c}</UniqueIdentifier>
    </Filter>
    <Filter Include="Source Files\Gameobject\Components">
      <UniqueIdentifier>{3ec7b982-6a0d-4607-9cc6-3d9088dda231}</UniqueIdentifier>
    </Filter>
    <Filter Include="Source Files\Gameobject\Components\Drawer">
      <UniqueIdentifier>{2c6ef064-41d3-4665-8c18-cc663252b9fb}</UniqueIdentifier>
    </Filter>
    <Filter Include="Header Files\Gameobject\Components\Drawer">
      <UniqueIdentifier>{5c463200-0f4a-4dad-a9e3-cb91a9ec3964}</UniqueIdentifier>
    </Filter>
    <Filter Include="Header Files\Gameobject\Components\Drawer\Bindables">
      <UniqueIdentifier>{51eebb85-7b7a-475d-8d5a-c9137527cea6}</UniqueIdentifier>
    </Filter>
    <Filter Include="Source Files\Gameobject\Components\Drawer\Bindables">
      <UniqueIdentifier>{8114a366-6f98-474d-9073-c7fa6919b179}</UniqueIdentifier>
    </Filter>
    <Filter Include="Header Files\Core">
      <UniqueIdentifier>{d44ccd71-020d-482c-9b92-757b972c53cc}</UniqueIdentifier>
    </Filter>
    <Filter Include="Source Files\Core">
      <UniqueIdentifier>{9c8b6392-23ba-45b4-9b68-14e5c0479cfb}</UniqueIdentifier>
    </Filter>
    <Filter Include="Header Files\Input">
      <UniqueIdentifier>{eb686744-21f4-40a0-9665-87c305ad20a2}</UniqueIdentifier>
    </Filter>
    <Filter Include="Source Files\Input">
      <UniqueIdentifier>{a56e1c67-d827-49a2-b73b-178014afb89c}</UniqueIdentifier>
    </Filter>
    <Filter Include="Header Files\Includers">
      <UniqueIdentifier>{7bdb1b47-d8de-42d9-ad20-870ac5ff96ea}</UniqueIdentifier>
    </Filter>
    <Filter Include="Header Files\Gameobject\Components\Drawer\VertIndex">
      <UniqueIdentifier>{b34fc48a-b8e9-412b-aa6e-1ca0592d09fe}</UniqueIdentifier>
    </Filter>
    <Filter Include="Header Files\TestGameobjects">
      <UniqueIdentifier>{5aa35724-b90e-4385-a2cc-40a3886cb931}</UniqueIdentifier>
    </Filter>
    <Filter Include="Header Files\TestGameobjects\Components">
      <UniqueIdentifier>{27d2931a-d996-4775-86b3-751753d8501a}</UniqueIdentifier>
    </Filter>
    <Filter Include="Source Files\TestGameobjects">
      <UniqueIdentifier>{63cf5f88-9091-43ac-8c5a-05fe4ec4e4a8}</UniqueIdentifier>
    </Filter>
    <Filter Include="Source Files\TestGameobjects\Components">
      <UniqueIdentifier>{5392b03c-b979-4de5-9d0c-6e7bac16d6f1}</UniqueIdentifier>
    </Filter>
    <Filter Include="Source Files\TestGameobjects\Bindables">
      <UniqueIdentifier>{7bc9b43c-b3af-4a00-9644-9f245d07261c}</UniqueIdentifier>
    </Filter>
    <Filter Include="Header Files\TestGameobjects\Bindables">
      <UniqueIdentifier>{3638b109-2112-4172-b5f3-c8355fe5b73f}</UniqueIdentifier>
    </Filter>
    <Filter Include="Header Files\Bullet">
      <UniqueIdentifier>{dbb1624f-38ac-4389-9305-ef600af1246e}</UniqueIdentifier>
    </Filter>
    <Filter Include="Source Files\Bullet">
      <UniqueIdentifier>{4277d0fa-75e6-42a6-8da2-1e8a9a27c5e7}</UniqueIdentifier>
    </Filter>
    <Filter Include="Header Files\2D">
      <UniqueIdentifier>{b74d57a0-2903-4748-b521-bf9d08f92916}</UniqueIdentifier>
    </Filter>
    <Filter Include="Source Files\2D">
      <UniqueIdentifier>{b44d7c9f-4b0e-4706-a161-840cfc2b7c2d}</UniqueIdentifier>
    </Filter>
    <Filter Include="Header Files\2D\UI">
      <UniqueIdentifier>{89334066-cb90-4b67-9f54-de0e6b10d3e5}</UniqueIdentifier>
    </Filter>
    <Filter Include="Source Files\2D\UI">
      <UniqueIdentifier>{1d6693e6-c677-4cc7-a106-639a9a81c756}</UniqueIdentifier>
    </Filter>
    <Filter Include="Header Files\2D\UI\Elements">
      <UniqueIdentifier>{7020ba68-8f4d-4aa1-9ea6-e7156b2dba79}</UniqueIdentifier>
    </Filter>
    <Filter Include="Header Files\2D\UI\Sizers">
      <UniqueIdentifier>{acbfdf48-3536-42e9-b620-9064e1d08a6d}</UniqueIdentifier>
    </Filter>
    <Filter Include="Source Files\2D\UI\Elements">
      <UniqueIdentifier>{93d6cd1e-d482-47d0-9df3-52f2805822fe}</UniqueIdentifier>
    </Filter>
    <Filter Include="Source Files\2D\UI\Sizers">
      <UniqueIdentifier>{e3857f81-03b3-4054-9dfc-8d5e4f536adc}</UniqueIdentifier>
    </Filter>
    <Filter Include="Header Files\Math">
      <UniqueIdentifier>{aa0205da-f8f0-4f82-af87-f29062ba3f3d}</UniqueIdentifier>
    </Filter>
    <Filter Include="Source Files\Math">
      <UniqueIdentifier>{2b6587dc-5055-4bd3-b9c7-3a73d6cae436}</UniqueIdentifier>
    </Filter>
    <Filter Include="Source Files\TestGameobjects\Factories">
      <UniqueIdentifier>{145133b8-c5e3-4338-a480-769165007577}</UniqueIdentifier>
    </Filter>
    <Filter Include="Header Files\TestGameobjects\Factories">
      <UniqueIdentifier>{6daecd7d-5119-40bd-bc99-de53b8ff8991}</UniqueIdentifier>
    </Filter>
    <Filter Include="Header Files\TestGameobjects\PresentScene">
      <UniqueIdentifier>{6b8a4e82-82f4-4314-99d5-d58d96a974e9}</UniqueIdentifier>
    </Filter>
    <Filter Include="Source Files\TestGameobjects\PresentScene">
      <UniqueIdentifier>{af2d08b2-2e79-477a-97d7-66965f56b5c4}</UniqueIdentifier>
    </Filter>
    <Filter Include="Header Files\TestGameobjects\Shaders">
      <UniqueIdentifier>{d337a365-cc97-44d4-a63a-78658e764f89}</UniqueIdentifier>
    </Filter>
    <Filter Include="Source Files\TestGameobjects\Shaders">
      <UniqueIdentifier>{c1bf6f5d-293f-4235-84d7-22693e4ab2be}</UniqueIdentifier>
    </Filter>
    <Filter Include="Header Files\TestGameobjects\Opt">
      <UniqueIdentifier>{d5deef34-61f0-426d-b386-3c0f5c82ab23}</UniqueIdentifier>
    </Filter>
    <Filter Include="Source Files\TestGameobjects\Opt">
      <UniqueIdentifier>{a5008718-ec74-4e47-aa7b-506892435766}</UniqueIdentifier>
    </Filter>
    <Filter Include="Source Files\Gameobject\Task">
      <UniqueIdentifier>{8ba4496c-571d-4b8e-bd02-a6bc08c85cb0}</UniqueIdentifier>
    </Filter>
    <Filter Include="Header Files\Gameobject\Task">
      <UniqueIdentifier>{2050f1f9-afd0-4e95-9d00-1d875154da3b}</UniqueIdentifier>
    </Filter>
  </ItemGroup>
  <ItemGroup>
    <ClCompile Include="WinMain.cpp">
      <Filter>Source Files</Filter>
    </ClCompile>
    <ClCompile Include="PixShader.cpp">
      <Filter>Source Files\Gameobject\Components\Drawer\Bindables</Filter>
    </ClCompile>
    <ClCompile Include="VertShader.cpp">
      <Filter>Source Files\Gameobject\Components\Drawer\Bindables</Filter>
    </ClCompile>
    <ClCompile Include="GeoShader.cpp">
      <Filter>Source Files\Gameobject\Components\Drawer\Bindables</Filter>
    </ClCompile>
    <ClCompile Include="InputLayout.cpp">
      <Filter>Source Files\Gameobject\Components\Drawer\Bindables</Filter>
    </ClCompile>
    <ClCompile Include="PrimitiveTopolpgy.cpp">
      <Filter>Source Files\Gameobject\Components\Drawer\Bindables</Filter>
    </ClCompile>
    <ClCompile Include="TestScene.cpp">
      <Filter>Source Files\Scenes</Filter>
    </ClCompile>
    <ClCompile Include="Scene.cpp">
      <Filter>Source Files\Scenes</Filter>
    </ClCompile>
    <ClCompile Include="Texture.cpp">
      <Filter>Source Files\Gameobject\Components\Drawer\Bindables</Filter>
    </ClCompile>
    <ClCompile Include="Sampler.cpp">
      <Filter>Source Files\Gameobject\Components\Drawer\Bindables</Filter>
    </ClCompile>
    <ClCompile Include="LightTestScene.cpp">
      <Filter>Source Files\Scenes</Filter>
    </ClCompile>
    <ClCompile Include="imgui\imgui_widgets.cpp">
      <Filter>imgui</Filter>
    </ClCompile>
    <ClCompile Include="imgui\imgui.cpp">
      <Filter>imgui</Filter>
    </ClCompile>
    <ClCompile Include="imgui\imgui_demo.cpp">
      <Filter>imgui</Filter>
    </ClCompile>
    <ClCompile Include="imgui\imgui_draw.cpp">
      <Filter>imgui</Filter>
    </ClCompile>
    <ClCompile Include="imgui\imgui_impl_dx11.cpp">
      <Filter>imgui</Filter>
    </ClCompile>
    <ClCompile Include="imgui\imgui_impl_win32.cpp">
      <Filter>imgui</Filter>
    </ClCompile>
    <ClCompile Include="Component.cpp">
      <Filter>Source Files\Gameobject</Filter>
    </ClCompile>
    <ClCompile Include="Bindable.cpp">
      <Filter>Source Files\Gameobject\Components\Drawer</Filter>
    </ClCompile>
    <ClCompile Include="Gfx.cpp">
      <Filter>Source Files\Core</Filter>
    </ClCompile>
    <ClCompile Include="Time.cpp">
      <Filter>Source Files\Core</Filter>
    </ClCompile>
    <ClCompile Include="Window.cpp">
      <Filter>Source Files\Core</Filter>
    </ClCompile>
    <ClCompile Include="Keys.cpp">
      <Filter>Source Files\Input</Filter>
    </ClCompile>
    <ClCompile Include="Mouse.cpp">
      <Filter>Source Files\Input</Filter>
    </ClCompile>
    <ClCompile Include="Drawer.cpp">
      <Filter>Source Files\Gameobject\Components\Drawer</Filter>
    </ClCompile>
    <ClCompile Include="GameObject.cpp">
      <Filter>Source Files\Gameobject</Filter>
    </ClCompile>
    <ClCompile Include="Transform.cpp">
      <Filter>Source Files\Gameobject\Components</Filter>
    </ClCompile>
    <ClCompile Include="RotateAround.cpp">
      <Filter>Source Files\TestGameobjects\Components</Filter>
    </ClCompile>
    <ClCompile Include="TestLightComponent.cpp">
      <Filter>Source Files\TestGameobjects\Components</Filter>
    </ClCompile>
    <ClCompile Include="TestLitPlateComponent.cpp">
      <Filter>Source Files\TestGameobjects\Components</Filter>
    </ClCompile>
    <ClCompile Include="CombinedShader.cpp">
      <Filter>Source Files\Gameobject\Components\Drawer\Bindables</Filter>
    </ClCompile>
    <ClCompile Include="TexLitShader.cpp">
      <Filter>Source Files\TestGameobjects\Shaders</Filter>
    </ClCompile>
    <ClCompile Include="TextureChanger.cpp">
      <Filter>Source Files\TestGameobjects\Bindables</Filter>
    </ClCompile>
    <ClCompile Include="Stage.cpp">
      <Filter>Source Files\Gameobject</Filter>
    </ClCompile>
    <ClCompile Include="Camera.cpp">
      <Filter>Source Files\Gameobject\Components</Filter>
    </ClCompile>
    <ClCompile Include="CameraMover.cpp">
      <Filter>Source Files\TestGameobjects\Components</Filter>
    </ClCompile>
    <ClCompile Include="BulletTestScene.cpp">
      <Filter>Source Files\Scenes</Filter>
    </ClCompile>
    <ClCompile Include="BulletDebugDraw.cpp">
      <Filter>Source Files\Bullet</Filter>
    </ClCompile>
    <ClCompile Include="Physics.cpp">
      <Filter>Source Files\Bullet</Filter>
    </ClCompile>
    <ClCompile Include="RigidBody.cpp">
      <Filter>Source Files\Bullet</Filter>
    </ClCompile>
    <ClCompile Include="TestPhysicsMover.cpp">
      <Filter>Source Files\TestGameobjects\Components</Filter>
    </ClCompile>
    <ClCompile Include="AwakeRigidbodies.cpp">
      <Filter>Source Files\TestGameobjects\Components</Filter>
    </ClCompile>
    <ClCompile Include="SpriteBatch.cpp">
      <Filter>Source Files\2D</Filter>
    </ClCompile>
    <ClCompile Include="SpriteBatchTester.cpp">
      <Filter>Source Files\TestGameobjects\Components</Filter>
    </ClCompile>
    <ClCompile Include="OrthographicCamera.cpp">
      <Filter>Source Files\2D</Filter>
    </ClCompile>
    <ClCompile Include="BlendStateBindable.cpp">
      <Filter>Source Files\Gameobject\Components\Drawer\Bindables</Filter>
    </ClCompile>
    <ClCompile Include="StencilStates.cpp">
      <Filter>Source Files\Gameobject\Components\Drawer\Bindables</Filter>
    </ClCompile>
    <ClCompile Include="UIElement.cpp">
      <Filter>Source Files\2D\UI</Filter>
    </ClCompile>
    <ClCompile Include="UIFitToParentSizer.cpp">
      <Filter>Source Files\2D\UI\Sizers</Filter>
    </ClCompile>
    <ClCompile Include="UIVertGroupSizer.cpp">
      <Filter>Source Files\2D\UI\Sizers</Filter>
    </ClCompile>
    <ClCompile Include="UIHoriGroupSizer.cpp">
      <Filter>Source Files\2D\UI\Sizers</Filter>
    </ClCompile>
    <ClCompile Include="UIImage.cpp">
      <Filter>Source Files\2D\UI\Elements</Filter>
    </ClCompile>
    <ClCompile Include="TextureGenerator.cpp">
      <Filter>Source Files\2D</Filter>
    </ClCompile>
    <ClCompile Include="UIRootElement.cpp">
      <Filter>Source Files\2D\UI\Elements</Filter>
    </ClCompile>
    <ClCompile Include="UITester.cpp">
      <Filter>Source Files\TestGameobjects\Components</Filter>
    </ClCompile>
    <ClCompile Include="UIRootSizer.cpp">
      <Filter>Source Files\2D\UI\Sizers</Filter>
    </ClCompile>
    <ClCompile Include="UIButton.cpp">
      <Filter>Source Files\2D\UI\Elements</Filter>
    </ClCompile>
    <ClCompile Include="Rect.cpp">
      <Filter>Source Files\Math</Filter>
    </ClCompile>
    <ClCompile Include="MonoFont.cpp">
      <Filter>Source Files\2D</Filter>
    </ClCompile>
    <ClCompile Include="UIFont.cpp">
      <Filter>Source Files\2D\UI\Elements</Filter>
    </ClCompile>
    <ClCompile Include="PresentScene.cpp">
      <Filter>Source Files\Scenes</Filter>
    </ClCompile>
    <ClCompile Include="TestTexture.cpp">
      <Filter>Source Files\TestGameobjects\Factories</Filter>
    </ClCompile>
    <ClCompile Include="TestLight.cpp">
      <Filter>Source Files\TestGameobjects\Factories</Filter>
    </ClCompile>
    <ClCompile Include="TestLitPlate.cpp">
      <Filter>Source Files\TestGameobjects\Factories</Filter>
    </ClCompile>
    <ClCompile Include="TestModel.cpp">
      <Filter>Source Files\TestGameobjects\Factories</Filter>
    </ClCompile>
    <ClCompile Include="TestPyramid.cpp">
      <Filter>Source Files\TestGameobjects\Factories</Filter>
    </ClCompile>
    <ClCompile Include="VNCharacter.cpp">
      <Filter>Source Files\TestGameobjects\PresentScene</Filter>
    </ClCompile>
    <ClCompile Include="PresentVNManager.cpp">
      <Filter>Source Files\TestGameobjects\PresentScene</Filter>
    </ClCompile>
    <ClCompile Include="PresentResources.cpp">
      <Filter>Source Files\TestGameobjects\PresentScene</Filter>
    </ClCompile>
    <ClCompile Include="UIKeepWidthSizer.cpp">
      <Filter>Source Files\2D\UI\Sizers</Filter>
    </ClCompile>
    <ClCompile Include="UIFitToParentRelativeSizer.cpp">
      <Filter>Source Files\2D\UI\Sizers</Filter>
    </ClCompile>
    <ClCompile Include="VNTextbox.cpp">
      <Filter>Source Files\TestGameobjects\PresentScene</Filter>
    </ClCompile>
    <ClCompile Include="TexLitNormalMapShader.cpp">
      <Filter>Source Files\TestGameobjects\Shaders</Filter>
    </ClCompile>
    <ClCompile Include="TestFloor.cpp">
      <Filter>Source Files\TestGameobjects\Factories</Filter>
    </ClCompile>
    <ClCompile Include="BasicTextureLit.cpp">
      <Filter>Source Files\TestGameobjects\Shaders</Filter>
    </ClCompile>
    <ClCompile Include="TestBasicLit.cpp">
      <Filter>Source Files\TestGameobjects\Factories</Filter>
    </ClCompile>
    <ClCompile Include="VNOpener.cpp">
      <Filter>Source Files\TestGameobjects\PresentScene</Filter>
    </ClCompile>
    <ClCompile Include="TestNeptuneLoader.cpp">
      <Filter>Source Files\TestGameobjects\Factories</Filter>
    </ClCompile>
    <ClCompile Include="TestCrystal.cpp">
      <Filter>Source Files\TestGameobjects\Factories</Filter>
    </ClCompile>
    <ClCompile Include="SpaceConverter.cpp">
      <Filter>Source Files\Math</Filter>
    </ClCompile>
    <ClCompile Include="BasicShader.cpp">
      <Filter>Source Files\Gameobject\Components\Drawer\Bindables</Filter>
    </ClCompile>
    <ClCompile Include="ToonShader.cpp">
      <Filter>Source Files\TestGameobjects\Shaders</Filter>
    </ClCompile>
    <ClCompile Include="InfoDisplayer.cpp">
      <Filter>Source Files\TestGameobjects\PresentScene</Filter>
    </ClCompile>
    <ClCompile Include="BulletShowcaser.cpp">
      <Filter>Source Files\TestGameobjects\Components</Filter>
    </ClCompile>
    <ClCompile Include="DeleteWhenBelow.cpp">
      <Filter>Source Files\TestGameobjects\Components</Filter>
    </ClCompile>
    <ClCompile Include="OptBatch.cpp">
      <Filter>Source Files\TestGameobjects\Opt</Filter>
    </ClCompile>
    <ClCompile Include="OptModel.cpp">
      <Filter>Source Files\TestGameobjects\Opt</Filter>
    </ClCompile>
    <ClCompile Include="OptNep.cpp">
      <Filter>Source Files\TestGameobjects\Opt</Filter>
    </ClCompile>
    <ClCompile Include="OptScene.cpp">
      <Filter>Source Files\Scenes</Filter>
    </ClCompile>
    <ClCompile Include="OptBasic.cpp">
      <Filter>Source Files\TestGameobjects\Opt</Filter>
    </ClCompile>
    <ClCompile Include="MemoryLeakTestScene.cpp">
      <Filter>Source Files\Scenes</Filter>
    </ClCompile>
    <ClCompile Include="UIOwnSizer.cpp">
      <Filter>Source Files\2D\UI</Filter>
    </ClCompile>
    <ClCompile Include="UIChildSizer.cpp">
      <Filter>Source Files\2D\UI</Filter>
    </ClCompile>
    <ClCompile Include="TaskManager.cpp">
      <Filter>Source Files\Gameobject\Task</Filter>
    </ClCompile>
    <ClCompile Include="Worker.cpp">
      <Filter>Source Files\Gameobject\Task</Filter>
    </ClCompile>
    <ClCompile Include="NewFeatureTestScene.cpp">
      <Filter>Source Files\Scenes</Filter>
    </ClCompile>
    <ClCompile Include="TestParallelMaker.cpp">
      <Filter>Source Files\TestGameobjects\Components</Filter>
    </ClCompile>
    <ClCompile Include="TestParallelAsUpdate.cpp">
      <Filter>Source Files\TestGameobjects\Components</Filter>
    </ClCompile>
    <ClCompile Include="ParallelPrint.cpp">
      <Filter>Source Files\TestGameobjects\Components</Filter>
    </ClCompile>
  </ItemGroup>
  <ItemGroup>
    <ClInclude Include="VertBuffer.h">
      <Filter>Header Files\Gameobject\Components\Drawer\Bindables</Filter>
    </ClInclude>
    <ClInclude Include="IndexBuffer.h">
      <Filter>Header Files\Gameobject\Components\Drawer\Bindables</Filter>
    </ClInclude>
    <ClInclude Include="ConstantBuffer.h">
      <Filter>Header Files\Gameobject\Components\Drawer\Bindables</Filter>
    </ClInclude>
    <ClInclude Include="PixShader.h">
      <Filter>Header Files\Gameobject\Components\Drawer\Bindables</Filter>
    </ClInclude>
    <ClInclude Include="VertShader.h">
      <Filter>Header Files\Gameobject\Components\Drawer\Bindables</Filter>
    </ClInclude>
    <ClInclude Include="GeoShader.h">
      <Filter>Header Files\Gameobject\Components\Drawer\Bindables</Filter>
    </ClInclude>
    <ClInclude Include="InputLayout.h">
      <Filter>Header Files\Gameobject\Components\Drawer\Bindables</Filter>
    </ClInclude>
    <ClInclude Include="PrimitiveTopolpgy.h">
      <Filter>Header Files\Gameobject\Components\Drawer\Bindables</Filter>
    </ClInclude>
    <ClInclude Include="TestScene.h">
      <Filter>Header Files\Scenes</Filter>
    </ClInclude>
    <ClInclude Include="Scene.h">
      <Filter>Header Files\Scenes</Filter>
    </ClInclude>
    <ClInclude Include="Texture.h">
      <Filter>Header Files\Gameobject\Components\Drawer\Bindables</Filter>
    </ClInclude>
    <ClInclude Include="RhyWin.h">
      <Filter>Header Files\Includers</Filter>
    </ClInclude>
    <ClInclude Include="RhySTB.h">
      <Filter>Header Files\Includers</Filter>
    </ClInclude>
    <ClInclude Include="Sampler.h">
      <Filter>Header Files\Gameobject\Components\Drawer\Bindables</Filter>
    </ClInclude>
    <ClInclude Include="LightTestScene.h">
      <Filter>Header Files\Scenes</Filter>
    </ClInclude>
    <ClInclude Include="RhyMath.h">
      <Filter>Header Files\Includers</Filter>
    </ClInclude>
    <ClInclude Include="RhyBindables.h">
      <Filter>Header Files\Includers</Filter>
    </ClInclude>
    <ClInclude Include="imgui\imconfig.h">
      <Filter>imgui</Filter>
    </ClInclude>
    <ClInclude Include="imgui\imgui.h">
      <Filter>imgui</Filter>
    </ClInclude>
    <ClInclude Include="imgui\imgui_impl_dx11.h">
      <Filter>imgui</Filter>
    </ClInclude>
    <ClInclude Include="imgui\imgui_impl_win32.h">
      <Filter>imgui</Filter>
    </ClInclude>
    <ClInclude Include="imgui\imgui_internal.h">
      <Filter>imgui</Filter>
    </ClInclude>
    <ClInclude Include="imgui\imstb_rectpack.h">
      <Filter>imgui</Filter>
    </ClInclude>
    <ClInclude Include="imgui\imstb_textedit.h">
      <Filter>imgui</Filter>
    </ClInclude>
    <ClInclude Include="imgui\imstb_truetype.h">
      <Filter>imgui</Filter>
    </ClInclude>
    <ClInclude Include="Rhyimgui.h">
      <Filter>Header Files\Includers</Filter>
    </ClInclude>
    <ClInclude Include="Drawable.h">
      <Filter>Header Files\Interfaces</Filter>
    </ClInclude>
    <ClInclude Include="Updatable.h">
      <Filter>Header Files\Interfaces</Filter>
    </ClInclude>
    <ClInclude Include="Component.h">
      <Filter>Header Files\Gameobject</Filter>
    </ClInclude>
    <ClInclude Include="Bindable.h">
      <Filter>Header Files\Gameobject\Components\Drawer</Filter>
    </ClInclude>
    <ClInclude Include="Tickable.h">
      <Filter>Header Files\Interfaces</Filter>
    </ClInclude>
    <ClInclude Include="Gfx.h">
      <Filter>Header Files\Core</Filter>
    </ClInclude>
    <ClInclude Include="Window.h">
      <Filter>Header Files\Core</Filter>
    </ClInclude>
    <ClInclude Include="Time.h">
      <Filter>Header Files\Core</Filter>
    </ClInclude>
    <ClInclude Include="RhyException.h">
      <Filter>Header Files\Core</Filter>
    </ClInclude>
    <ClInclude Include="Mouse.h">
      <Filter>Header Files\Input</Filter>
    </ClInclude>
    <ClInclude Include="Keys.h">
      <Filter>Header Files\Input</Filter>
    </ClInclude>
    <ClInclude Include="Drawer.h">
      <Filter>Header Files\Gameobject\Components\Drawer</Filter>
    </ClInclude>
    <ClInclude Include="GameObject.h">
      <Filter>Header Files\Gameobject</Filter>
    </ClInclude>
    <ClInclude Include="VertIndexes.h">
      <Filter>Header Files\Gameobject\Components\Drawer\VertIndex</Filter>
    </ClInclude>
    <ClInclude Include="Verticies.h">
      <Filter>Header Files\Gameobject\Components\Drawer\VertIndex</Filter>
    </ClInclude>
    <ClInclude Include="ShapeFactory.h">
      <Filter>Header Files\Gameobject\Components\Drawer</Filter>
    </ClInclude>
    <ClInclude Include="Transform.h">
      <Filter>Header Files\Gameobject\Components</Filter>
    </ClInclude>
    <ClInclude Include="RotateAround.h">
      <Filter>Header Files\TestGameobjects\Components</Filter>
    </ClInclude>
    <ClInclude Include="TestLightComponent.h">
      <Filter>Header Files\TestGameobjects\Components</Filter>
    </ClInclude>
    <ClInclude Include="RhyAssimp.h">
      <Filter>Header Files\Includers</Filter>
    </ClInclude>
    <ClInclude Include="TestLitPlateComponent.h">
      <Filter>Header Files\TestGameobjects\Components</Filter>
    </ClInclude>
    <ClInclude Include="CombinedShader.h">
      <Filter>Header Files\Gameobject\Components\Drawer\Bindables</Filter>
    </ClInclude>
    <ClInclude Include="TexLitShader.h">
      <Filter>Header Files\TestGameobjects\Shaders</Filter>
    </ClInclude>
    <ClInclude Include="TextureChanger.h">
      <Filter>Header Files\TestGameobjects\Bindables</Filter>
    </ClInclude>
    <ClInclude Include="Stage.h">
      <Filter>Header Files\Gameobject</Filter>
    </ClInclude>
    <ClInclude Include="Camera.h">
      <Filter>Header Files\Gameobject\Components</Filter>
    </ClInclude>
    <ClInclude Include="CameraMover.h">
      <Filter>Header Files\TestGameobjects\Components</Filter>
    </ClInclude>
    <ClInclude Include="BulletTestScene.h">
      <Filter>Header Files\Scenes</Filter>
    </ClInclude>
    <ClInclude Include="BulletDebugDraw.h">
      <Filter>Header Files\Bullet</Filter>
    </ClInclude>
    <ClInclude Include="Physics.h">
      <Filter>Header Files\Bullet</Filter>
    </ClInclude>
    <ClInclude Include="RigidBody.h">
      <Filter>Header Files\Bullet</Filter>
    </ClInclude>
    <ClInclude Include="TestPhysicsMover.h">
      <Filter>Header Files\TestGameobjects\Components</Filter>
    </ClInclude>
    <ClInclude Include="AwakeRigidbodies.h">
      <Filter>Header Files\TestGameobjects\Components</Filter>
    </ClInclude>
    <ClInclude Include="RhyBullet.h">
      <Filter>Header Files\Includers</Filter>
    </ClInclude>
    <ClInclude Include="UnBindable.h">
      <Filter>Header Files\Gameobject\Components\Drawer</Filter>
    </ClInclude>
    <ClInclude Include="SpriteBatch.h">
      <Filter>Header Files\2D</Filter>
    </ClInclude>
    <ClInclude Include="TextureRegion.h">
      <Filter>Header Files\2D</Filter>
    </ClInclude>
    <ClInclude Include="RhyColor.h">
      <Filter>Header Files\Includers</Filter>
    </ClInclude>
    <ClInclude Include="SpriteBatchTester.h">
      <Filter>Header Files\TestGameobjects\Components</Filter>
    </ClInclude>
    <ClInclude Include="OrthographicCamera.h">
      <Filter>Header Files\2D</Filter>
    </ClInclude>
    <ClInclude Include="BlendStateBindable.h">
      <Filter>Header Files\Gameobject\Components\Drawer\Bindables</Filter>
    </ClInclude>
    <ClInclude Include="StencilStates.h">
      <Filter>Header Files\Gameobject\Components\Drawer\Bindables</Filter>
    </ClInclude>
    <ClInclude Include="Animation.h">
      <Filter>Header Files\2D</Filter>
    </ClInclude>
    <ClInclude Include="UIElement.h">
      <Filter>Header Files\2D\UI</Filter>
    </ClInclude>
    <ClInclude Include="UIContainer.h">
      <Filter>Header Files\2D\UI\Elements</Filter>
    </ClInclude>
    <ClInclude Include="UILocalSizer.h">
      <Filter>Header Files\2D\UI\Sizers</Filter>
    </ClInclude>
    <ClInclude Include="UIFitToParentSizer.h">
      <Filter>Header Files\2D\UI\Sizers</Filter>
    </ClInclude>
    <ClInclude Include="UIVertGroupSizer.h">
      <Filter>Header Files\2D\UI\Sizers</Filter>
    </ClInclude>
    <ClInclude Include="UIHoriGroupSizer.h">
      <Filter>Header Files\2D\UI\Sizers</Filter>
    </ClInclude>
    <ClInclude Include="UIImage.h">
      <Filter>Header Files\2D\UI\Elements</Filter>
    </ClInclude>
    <ClInclude Include="TextureGenerator.h">
      <Filter>Header Files\2D</Filter>
    </ClInclude>
    <ClInclude Include="UIRootElement.h">
      <Filter>Header Files\2D\UI\Elements</Filter>
    </ClInclude>
    <ClInclude Include="UITester.h">
      <Filter>Header Files\TestGameobjects\Components</Filter>
    </ClInclude>
    <ClInclude Include="UIRootSizer.h">
      <Filter>Header Files\2D\UI\Sizers</Filter>
    </ClInclude>
    <ClInclude Include="Rect.h">
      <Filter>Header Files\Math</Filter>
    </ClInclude>
    <ClInclude Include="UIButton.h">
      <Filter>Header Files\2D\UI\Elements</Filter>
    </ClInclude>
    <ClInclude Include="MonoFont.h">
      <Filter>Header Files\2D</Filter>
    </ClInclude>
    <ClInclude Include="UIFont.h">
      <Filter>Header Files\2D\UI\Elements</Filter>
    </ClInclude>
    <ClInclude Include="PresentScene.h">
      <Filter>Header Files\Scenes</Filter>
    </ClInclude>
    <ClInclude Include="TestTexture.h">
      <Filter>Header Files\TestGameobjects\Factories</Filter>
    </ClInclude>
    <ClInclude Include="GameObjectFactory.h">
      <Filter>Header Files\TestGameobjects\Factories</Filter>
    </ClInclude>
    <ClInclude Include="TestLight.h">
      <Filter>Header Files\TestGameobjects\Factories</Filter>
    </ClInclude>
    <ClInclude Include="TestLitPlate.h">
      <Filter>Header Files\TestGameobjects\Factories</Filter>
    </ClInclude>
    <ClInclude Include="TestModel.h">
      <Filter>Header Files\TestGameobjects\Factories</Filter>
    </ClInclude>
    <ClInclude Include="TestPyramid.h">
      <Filter>Header Files\TestGameobjects\Factories</Filter>
    </ClInclude>
    <ClInclude Include="VNCharacter.h">
      <Filter>Header Files\TestGameobjects\PresentScene</Filter>
    </ClInclude>
    <ClInclude Include="PresentVNManager.h">
      <Filter>Header Files\TestGameobjects\PresentScene</Filter>
    </ClInclude>
    <ClInclude Include="PresentResources.h">
      <Filter>Header Files\TestGameobjects\PresentScene</Filter>
    </ClInclude>
    <ClInclude Include="UIKeepWidthSizer.h">
      <Filter>Header Files\2D\UI\Sizers</Filter>
    </ClInclude>
    <ClInclude Include="UIFitToParentRelativeSizer.h">
      <Filter>Header Files\2D\UI\Sizers</Filter>
    </ClInclude>
    <ClInclude Include="VNTextbox.h">
      <Filter>Header Files\TestGameobjects\PresentScene</Filter>
    </ClInclude>
    <ClInclude Include="TexLitNormalMapShader.h">
      <Filter>Header Files\TestGameobjects\Shaders</Filter>
    </ClInclude>
    <ClInclude Include="TestFloor.h">
      <Filter>Header Files\TestGameobjects\Factories</Filter>
    </ClInclude>
    <ClInclude Include="BasicTextureLit.h">
      <Filter>Header Files\TestGameobjects\Shaders</Filter>
    </ClInclude>
    <ClInclude Include="TestBasicLit.h">
      <Filter>Header Files\TestGameobjects\Factories</Filter>
    </ClInclude>
    <ClInclude Include="VNOpener.h">
      <Filter>Header Files\TestGameobjects\PresentScene</Filter>
    </ClInclude>
    <ClInclude Include="TestNeptuneLoader.h">
      <Filter>Header Files\TestGameobjects\Factories</Filter>
    </ClInclude>
    <ClInclude Include="TestCrystal.h">
      <Filter>Header Files\TestGameobjects\Factories</Filter>
    </ClInclude>
    <ClInclude Include="SpaceConverter.h">
      <Filter>Header Files\Math</Filter>
    </ClInclude>
    <ClInclude Include="BasicShader.h">
      <Filter>Header Files\Gameobject\Components\Drawer\Bindables</Filter>
    </ClInclude>
    <ClInclude Include="ToonShader.h">
      <Filter>Header Files\TestGameobjects\Shaders</Filter>
    </ClInclude>
    <ClInclude Include="InfoDisplayer.h">
      <Filter>Header Files\TestGameobjects\PresentScene</Filter>
    </ClInclude>
    <ClInclude Include="BulletShowcaser.h">
      <Filter>Header Files\TestGameobjects\Components</Filter>
    </ClInclude>
    <ClInclude Include="Random.h">
      <Filter>Header Files\Math</Filter>
    </ClInclude>
    <ClInclude Include="DeleteWhenBelow.h">
      <Filter>Header Files\TestGameobjects\Components</Filter>
    </ClInclude>
    <ClInclude Include="OptBatch.h">
      <Filter>Header Files\TestGameobjects\Opt</Filter>
    </ClInclude>
    <ClInclude Include="OptModel.h">
      <Filter>Header Files\TestGameobjects\Opt</Filter>
    </ClInclude>
    <ClInclude Include="OptNep.h">
      <Filter>Header Files\TestGameobjects\Opt</Filter>
    </ClInclude>
    <ClInclude Include="OptScene.h">
      <Filter>Header Files\Scenes</Filter>
    </ClInclude>
    <ClInclude Include="OptBasic.h">
      <Filter>Header Files\TestGameobjects\Opt</Filter>
    </ClInclude>
    <ClInclude Include="MemoryLeakTestScene.h">
      <Filter>Header Files\Scenes</Filter>
    </ClInclude>
    <ClInclude Include="Matrix3x3.hpp">
      <Filter>Header Files\Math</Filter>
    </ClInclude>
    <ClInclude Include="Quaternion.hpp">
      <Filter>Header Files\Math</Filter>
    </ClInclude>
    <ClInclude Include="Vector2.hpp">
      <Filter>Header Files\Math</Filter>
    </ClInclude>
    <ClInclude Include="Vector3.hpp">
      <Filter>Header Files\Math</Filter>
    </ClInclude>
    <ClInclude Include="Vector2Int.hpp">
      <Filter>Header Files\Math</Filter>
    </ClInclude>
    <ClInclude Include="BulletConverter.h">
      <Filter>Header Files\Math</Filter>
    </ClInclude>
    <ClInclude Include="UIOwnSizer.h">
      <Filter>Header Files\2D\UI</Filter>
    </ClInclude>
    <ClInclude Include="UIChildSizer.h">
      <Filter>Header Files\2D\UI</Filter>
    </ClInclude>
    <ClInclude Include="LateUpdatable.h">
      <Filter>Header Files\Interfaces</Filter>
    </ClInclude>
    <ClInclude Include="Worker.h">
      <Filter>Header Files\Gameobject\Task</Filter>
    </ClInclude>
    <ClInclude Include="TaskManager.h">
      <Filter>Header Files\Gameobject\Task</Filter>
    </ClInclude>
    <ClInclude Include="NewFeatureTestScene.h">
      <Filter>Header Files\Scenes</Filter>
    </ClInclude>
    <ClInclude Include="TestParallelAsUpdate.h">
      <Filter>Header Files\TestGameobjects\Components</Filter>
    </ClInclude>
    <ClInclude Include="TestParallelMaker.h">
      <Filter>Header Files\TestGameobjects\Components</Filter>
    </ClInclude>
    <ClInclude Include="ParallelUpdatable.h">
      <Filter>Header Files\Interfaces</Filter>
    </ClInclude>
    <ClInclude Include="ParallelPrint.h">
      <Filter>Header Files\TestGameobjects\Components</Filter>
    </ClInclude>
  </ItemGroup>
  <ItemGroup>
    <FxCompile Include="BasicVert.hlsl">
      <Filter>Shader</Filter>
    </FxCompile>
    <FxCompile Include="BasicPix.hlsl">
      <Filter>Shader</Filter>
    </FxCompile>
    <FxCompile Include="TexVert.hlsl">
      <Filter>Shader</Filter>
    </FxCompile>
    <FxCompile Include="TexPix.hlsl">
      <Filter>Shader</Filter>
    </FxCompile>
    <FxCompile Include="BulletDebugVert.hlsl">
      <Filter>Shader</Filter>
    </FxCompile>
    <FxCompile Include="BulletDebugPix.hlsl">
      <Filter>Shader</Filter>
    </FxCompile>
    <FxCompile Include="SpriteBatchPixel.hlsl">
      <Filter>Shader</Filter>
    </FxCompile>
    <FxCompile Include="SpriteBatchVert.hlsl">
      <Filter>Shader</Filter>
    </FxCompile>
    <FxCompile Include="PhongTexNormalMappingPix.hlsl">
      <Filter>Shader</Filter>
    </FxCompile>
    <FxCompile Include="PhongTexNormalMappingVert.hlsl">
      <Filter>Shader</Filter>
    </FxCompile>
    <FxCompile Include="PhongTexPix.hlsl">
      <Filter>Shader</Filter>
    </FxCompile>
    <FxCompile Include="PhongTexVert.hlsl">
      <Filter>Shader</Filter>
    </FxCompile>
    <FxCompile Include="BasicLitPix.hlsl">
      <Filter>Shader</Filter>
    </FxCompile>
    <FxCompile Include="BasicLitVert.hlsl">
      <Filter>Shader</Filter>
    </FxCompile>
    <FxCompile Include="ToonPix.hlsl">
      <Filter>Shader</Filter>
    </FxCompile>
    <FxCompile Include="ToonVert.hlsl">
      <Filter>Shader</Filter>
    </FxCompile>
  </ItemGroup>
  <ItemGroup>
    <ResourceCompile Include="Rhygine.rc">
      <Filter>Resource Files</Filter>
    </ResourceCompile>
  </ItemGroup>
</Project>